// !$*UTF8*$!
{
	archiveVersion = 1;
	classes = {
	};
	objectVersion = 50;
	objects = {

/* Begin PBXBuildFile section */
		3D3500E2290AE80300E31F3B /* AppDelegate.swift in Sources */ = {isa = PBXBuildFile; fileRef = 3D3500E1290AE80300E31F3B /* AppDelegate.swift */; };
		3D3500E4290AE80400E31F3B /* InicioController.swift in Sources */ = {isa = PBXBuildFile; fileRef = 3D3500E3290AE80400E31F3B /* InicioController.swift */; };
		3D3500E7290AE80400E31F3B /* Main.storyboard in Resources */ = {isa = PBXBuildFile; fileRef = 3D3500E5290AE80400E31F3B /* Main.storyboard */; };
		3D3500E9290AE80E00E31F3B /* Assets.xcassets in Resources */ = {isa = PBXBuildFile; fileRef = 3D3500E8290AE80E00E31F3B /* Assets.xcassets */; };
		3D3500EC290AE80E00E31F3B /* LaunchScreen.storyboard in Resources */ = {isa = PBXBuildFile; fileRef = 3D3500EA290AE80E00E31F3B /* LaunchScreen.storyboard */; };
		3D3500F7290AE80E00E31F3B /* P3PTests.swift in Sources */ = {isa = PBXBuildFile; fileRef = 3D3500F6290AE80E00E31F3B /* P3PTests.swift */; };
		3D350102290AE80E00E31F3B /* P3PUITests.swift in Sources */ = {isa = PBXBuildFile; fileRef = 3D350101290AE80E00E31F3B /* P3PUITests.swift */; };
		FB500CF4291E9AED000AD2D5 /* Contactos.swift in Sources */ = {isa = PBXBuildFile; fileRef = FB500CF3291E9AED000AD2D5 /* Contactos.swift */; };
		FB500CF6291E9B05000AD2D5 /* CeldaContactosController.swift in Sources */ = {isa = PBXBuildFile; fileRef = FB500CF5291E9B05000AD2D5 /* CeldaContactosController.swift */; };
		FB500CF8291E9B24000AD2D5 /* ContactosController.swift in Sources */ = {isa = PBXBuildFile; fileRef = FB500CF7291E9B24000AD2D5 /* ContactosController.swift */; };
		FB500CFD291EA55E000AD2D5 /* Materias.swift in Sources */ = {isa = PBXBuildFile; fileRef = FB500CFC291EA55E000AD2D5 /* Materias.swift */; };
		FB500CFF291EA577000AD2D5 /* CeldaMateriasController.swift in Sources */ = {isa = PBXBuildFile; fileRef = FB500CFE291EA577000AD2D5 /* CeldaMateriasController.swift */; };
		FB818D34291AA207008D9D0B /* Menu.swift in Sources */ = {isa = PBXBuildFile; fileRef = FB818D33291AA207008D9D0B /* Menu.swift */; };
		FB818D36291AA320008D9D0B /* CeldaMenuController.swift in Sources */ = {isa = PBXBuildFile; fileRef = FB818D35291AA320008D9D0B /* CeldaMenuController.swift */; };
		FB818D38291AA736008D9D0B /* MenuController.swift in Sources */ = {isa = PBXBuildFile; fileRef = FB818D37291AA736008D9D0B /* MenuController.swift */; };
/* End PBXBuildFile section */

/* Begin PBXContainerItemProxy section */
		3D3500F3290AE80E00E31F3B /* PBXContainerItemProxy */ = {
			isa = PBXContainerItemProxy;
			containerPortal = 3D3500D6290AE80300E31F3B /* Project object */;
			proxyType = 1;
			remoteGlobalIDString = 3D3500DD290AE80300E31F3B;
			remoteInfo = P3P;
		};
		3D3500FE290AE80E00E31F3B /* PBXContainerItemProxy */ = {
			isa = PBXContainerItemProxy;
			containerPortal = 3D3500D6290AE80300E31F3B /* Project object */;
			proxyType = 1;
			remoteGlobalIDString = 3D3500DD290AE80300E31F3B;
			remoteInfo = P3P;
		};
/* End PBXContainerItemProxy section */

/* Begin PBXFileReference section */
		3D3500DE290AE80300E31F3B /* P3P.app */ = {isa = PBXFileReference; explicitFileType = wrapper.application; includeInIndex = 0; path = P3P.app; sourceTree = BUILT_PRODUCTS_DIR; };
		3D3500E1290AE80300E31F3B /* AppDelegate.swift */ = {isa = PBXFileReference; lastKnownFileType = sourcecode.swift; path = AppDelegate.swift; sourceTree = "<group>"; };
		3D3500E3290AE80400E31F3B /* InicioController.swift */ = {isa = PBXFileReference; lastKnownFileType = sourcecode.swift; path = InicioController.swift; sourceTree = "<group>"; };
		3D3500E6290AE80400E31F3B /* Base */ = {isa = PBXFileReference; lastKnownFileType = file.storyboard; name = Base; path = Base.lproj/Main.storyboard; sourceTree = "<group>"; };
		3D3500E8290AE80E00E31F3B /* Assets.xcassets */ = {isa = PBXFileReference; lastKnownFileType = folder.assetcatalog; path = Assets.xcassets; sourceTree = "<group>"; };
		3D3500EB290AE80E00E31F3B /* Base */ = {isa = PBXFileReference; lastKnownFileType = file.storyboard; name = Base; path = Base.lproj/LaunchScreen.storyboard; sourceTree = "<group>"; };
		3D3500ED290AE80E00E31F3B /* Info.plist */ = {isa = PBXFileReference; lastKnownFileType = text.plist.xml; path = Info.plist; sourceTree = "<group>"; };
		3D3500F2290AE80E00E31F3B /* P3PTests.xctest */ = {isa = PBXFileReference; explicitFileType = wrapper.cfbundle; includeInIndex = 0; path = P3PTests.xctest; sourceTree = BUILT_PRODUCTS_DIR; };
		3D3500F6290AE80E00E31F3B /* P3PTests.swift */ = {isa = PBXFileReference; lastKnownFileType = sourcecode.swift; path = P3PTests.swift; sourceTree = "<group>"; };
		3D3500F8290AE80E00E31F3B /* Info.plist */ = {isa = PBXFileReference; lastKnownFileType = text.plist.xml; path = Info.plist; sourceTree = "<group>"; };
		3D3500FD290AE80E00E31F3B /* P3PUITests.xctest */ = {isa = PBXFileReference; explicitFileType = wrapper.cfbundle; includeInIndex = 0; path = P3PUITests.xctest; sourceTree = BUILT_PRODUCTS_DIR; };
		3D350101290AE80E00E31F3B /* P3PUITests.swift */ = {isa = PBXFileReference; lastKnownFileType = sourcecode.swift; path = P3PUITests.swift; sourceTree = "<group>"; };
		3D350103290AE80E00E31F3B /* Info.plist */ = {isa = PBXFileReference; lastKnownFileType = text.plist.xml; path = Info.plist; sourceTree = "<group>"; };
		FB500CF3291E9AED000AD2D5 /* Contactos.swift */ = {isa = PBXFileReference; lastKnownFileType = sourcecode.swift; path = Contactos.swift; sourceTree = "<group>"; };
		FB500CF5291E9B05000AD2D5 /* CeldaContactosController.swift */ = {isa = PBXFileReference; lastKnownFileType = sourcecode.swift; path = CeldaContactosController.swift; sourceTree = "<group>"; };
		FB500CF7291E9B24000AD2D5 /* ContactosController.swift */ = {isa = PBXFileReference; lastKnownFileType = sourcecode.swift; path = ContactosController.swift; sourceTree = "<group>"; };
		FB500CFC291EA55E000AD2D5 /* Materias.swift */ = {isa = PBXFileReference; lastKnownFileType = sourcecode.swift; path = Materias.swift; sourceTree = "<group>"; };
		FB500CFE291EA577000AD2D5 /* CeldaMateriasController.swift */ = {isa = PBXFileReference; lastKnownFileType = sourcecode.swift; path = CeldaMateriasController.swift; sourceTree = "<group>"; };
		FB818D33291AA207008D9D0B /* Menu.swift */ = {isa = PBXFileReference; lastKnownFileType = sourcecode.swift; path = Menu.swift; sourceTree = "<group>"; };
		FB818D35291AA320008D9D0B /* CeldaMenuController.swift */ = {isa = PBXFileReference; lastKnownFileType = sourcecode.swift; path = CeldaMenuController.swift; sourceTree = "<group>"; };
		FB818D37291AA736008D9D0B /* MenuController.swift */ = {isa = PBXFileReference; lastKnownFileType = sourcecode.swift; path = MenuController.swift; sourceTree = "<group>"; };
/* End PBXFileReference section */

/* Begin PBXFrameworksBuildPhase section */
		3D3500DB290AE80300E31F3B /* Frameworks */ = {
			isa = PBXFrameworksBuildPhase;
			buildActionMask = 2147483647;
			files = (
			);
			runOnlyForDeploymentPostprocessing = 0;
		};
		3D3500EF290AE80E00E31F3B /* Frameworks */ = {
			isa = PBXFrameworksBuildPhase;
			buildActionMask = 2147483647;
			files = (
			);
			runOnlyForDeploymentPostprocessing = 0;
		};
		3D3500FA290AE80E00E31F3B /* Frameworks */ = {
			isa = PBXFrameworksBuildPhase;
			buildActionMask = 2147483647;
			files = (
			);
			runOnlyForDeploymentPostprocessing = 0;
		};
/* End PBXFrameworksBuildPhase section */

/* Begin PBXGroup section */
		3D3500D5290AE80300E31F3B = {
			isa = PBXGroup;
			children = (
				3D3500E0290AE80300E31F3B /* P3P */,
				3D3500F5290AE80E00E31F3B /* P3PTests */,
				3D350100290AE80E00E31F3B /* P3PUITests */,
				3D3500DF290AE80300E31F3B /* Products */,
			);
			sourceTree = "<group>";
		};
		3D3500DF290AE80300E31F3B /* Products */ = {
			isa = PBXGroup;
			children = (
				3D3500DE290AE80300E31F3B /* P3P.app */,
				3D3500F2290AE80E00E31F3B /* P3PTests.xctest */,
				3D3500FD290AE80E00E31F3B /* P3PUITests.xctest */,
			);
			name = Products;
			sourceTree = "<group>";
		};
		3D3500E0290AE80300E31F3B /* P3P */ = {
			isa = PBXGroup;
			children = (
				FB500CFB291E9B79000AD2D5 /* Modelos */,
				FB500CFA291E9B69000AD2D5 /* Controllers */,
				FB500CF9291E9B32000AD2D5 /* Celdas */,
				3D3500E1290AE80300E31F3B /* AppDelegate.swift */,
				3D3500E5290AE80400E31F3B /* Main.storyboard */,
				3D3500E8290AE80E00E31F3B /* Assets.xcassets */,
				3D3500EA290AE80E00E31F3B /* LaunchScreen.storyboard */,
				3D3500ED290AE80E00E31F3B /* Info.plist */,
			);
			path = P3P;
			sourceTree = "<group>";
		};
		3D3500F5290AE80E00E31F3B /* P3PTests */ = {
			isa = PBXGroup;
			children = (
				3D3500F6290AE80E00E31F3B /* P3PTests.swift */,
				3D3500F8290AE80E00E31F3B /* Info.plist */,
			);
			path = P3PTests;
			sourceTree = "<group>";
		};
		3D350100290AE80E00E31F3B /* P3PUITests */ = {
			isa = PBXGroup;
			children = (
				3D350101290AE80E00E31F3B /* P3PUITests.swift */,
				3D350103290AE80E00E31F3B /* Info.plist */,
			);
			path = P3PUITests;
			sourceTree = "<group>";
		};
		FB500CF9291E9B32000AD2D5 /* Celdas */ = {
			isa = PBXGroup;
			children = (
				FB818D35291AA320008D9D0B /* CeldaMenuController.swift */,
				FB500CF5291E9B05000AD2D5 /* CeldaContactosController.swift */,
				FB500CFE291EA577000AD2D5 /* CeldaMateriasController.swift */,
			);
			name = Celdas;
			sourceTree = "<group>";
		};
		FB500CFA291E9B69000AD2D5 /* Controllers */ = {
			isa = PBXGroup;
			children = (
				FB818D37291AA736008D9D0B /* MenuController.swift */,
				3D3500E3290AE80400E31F3B /* InicioController.swift */,
				FB500CF7291E9B24000AD2D5 /* ContactosController.swift */,
			);
			name = Controllers;
			sourceTree = "<group>";
		};
		FB500CFB291E9B79000AD2D5 /* Modelos */ = {
			isa = PBXGroup;
			children = (
				FB500CF3291E9AED000AD2D5 /* Contactos.swift */,
				FB818D33291AA207008D9D0B /* Menu.swift */,
				FB500CFC291EA55E000AD2D5 /* Materias.swift */,
			);
			path = Modelos;
			sourceTree = "<group>";
		};
/* End PBXGroup section */

/* Begin PBXNativeTarget section */
		3D3500DD290AE80300E31F3B /* P3P */ = {
			isa = PBXNativeTarget;
			buildConfigurationList = 3D350106290AE80E00E31F3B /* Build configuration list for PBXNativeTarget "P3P" */;
			buildPhases = (
				3D3500DA290AE80300E31F3B /* Sources */,
				3D3500DB290AE80300E31F3B /* Frameworks */,
				3D3500DC290AE80300E31F3B /* Resources */,
			);
			buildRules = (
			);
			dependencies = (
			);
			name = P3P;
			productName = P3P;
			productReference = 3D3500DE290AE80300E31F3B /* P3P.app */;
			productType = "com.apple.product-type.application";
		};
		3D3500F1290AE80E00E31F3B /* P3PTests */ = {
			isa = PBXNativeTarget;
			buildConfigurationList = 3D350109290AE80E00E31F3B /* Build configuration list for PBXNativeTarget "P3PTests" */;
			buildPhases = (
				3D3500EE290AE80E00E31F3B /* Sources */,
				3D3500EF290AE80E00E31F3B /* Frameworks */,
				3D3500F0290AE80E00E31F3B /* Resources */,
			);
			buildRules = (
			);
			dependencies = (
				3D3500F4290AE80E00E31F3B /* PBXTargetDependency */,
			);
			name = P3PTests;
			productName = P3PTests;
			productReference = 3D3500F2290AE80E00E31F3B /* P3PTests.xctest */;
			productType = "com.apple.product-type.bundle.unit-test";
		};
		3D3500FC290AE80E00E31F3B /* P3PUITests */ = {
			isa = PBXNativeTarget;
			buildConfigurationList = 3D35010C290AE80E00E31F3B /* Build configuration list for PBXNativeTarget "P3PUITests" */;
			buildPhases = (
				3D3500F9290AE80E00E31F3B /* Sources */,
				3D3500FA290AE80E00E31F3B /* Frameworks */,
				3D3500FB290AE80E00E31F3B /* Resources */,
			);
			buildRules = (
			);
			dependencies = (
				3D3500FF290AE80E00E31F3B /* PBXTargetDependency */,
			);
			name = P3PUITests;
			productName = P3PUITests;
			productReference = 3D3500FD290AE80E00E31F3B /* P3PUITests.xctest */;
			productType = "com.apple.product-type.bundle.ui-testing";
		};
/* End PBXNativeTarget section */

/* Begin PBXProject section */
		3D3500D6290AE80300E31F3B /* Project object */ = {
			isa = PBXProject;
			attributes = {
				LastSwiftUpdateCheck = 0940;
				LastUpgradeCheck = 0940;
				ORGANIZATIONNAME = ulsa;
				TargetAttributes = {
					3D3500DD290AE80300E31F3B = {
						CreatedOnToolsVersion = 9.4.1;
					};
					3D3500F1290AE80E00E31F3B = {
						CreatedOnToolsVersion = 9.4.1;
						TestTargetID = 3D3500DD290AE80300E31F3B;
					};
					3D3500FC290AE80E00E31F3B = {
						CreatedOnToolsVersion = 9.4.1;
						TestTargetID = 3D3500DD290AE80300E31F3B;
					};
				};
			};
			buildConfigurationList = 3D3500D9290AE80300E31F3B /* Build configuration list for PBXProject "P3P" */;
			compatibilityVersion = "Xcode 9.3";
			developmentRegion = en;
			hasScannedForEncodings = 0;
			knownRegions = (
				en,
				Base,
			);
			mainGroup = 3D3500D5290AE80300E31F3B;
			productRefGroup = 3D3500DF290AE80300E31F3B /* Products */;
			projectDirPath = "";
			projectRoot = "";
			targets = (
				3D3500DD290AE80300E31F3B /* P3P */,
				3D3500F1290AE80E00E31F3B /* P3PTests */,
				3D3500FC290AE80E00E31F3B /* P3PUITests */,
			);
		};
/* End PBXProject section */

/* Begin PBXResourcesBuildPhase section */
		3D3500DC290AE80300E31F3B /* Resources */ = {
			isa = PBXResourcesBuildPhase;
			buildActionMask = 2147483647;
			files = (
				3D3500EC290AE80E00E31F3B /* LaunchScreen.storyboard in Resources */,
				3D3500E9290AE80E00E31F3B /* Assets.xcassets in Resources */,
				3D3500E7290AE80400E31F3B /* Main.storyboard in Resources */,
			);
			runOnlyForDeploymentPostprocessing = 0;
		};
		3D3500F0290AE80E00E31F3B /* Resources */ = {
			isa = PBXResourcesBuildPhase;
			buildActionMask = 2147483647;
			files = (
			);
			runOnlyForDeploymentPostprocessing = 0;
		};
		3D3500FB290AE80E00E31F3B /* Resources */ = {
			isa = PBXResourcesBuildPhase;
			buildActionMask = 2147483647;
			files = (
			);
			runOnlyForDeploymentPostprocessing = 0;
		};
/* End PBXResourcesBuildPhase section */

/* Begin PBXSourcesBuildPhase section */
		3D3500DA290AE80300E31F3B /* Sources */ = {
			isa = PBXSourcesBuildPhase;
			buildActionMask = 2147483647;
			files = (
				FB500CF4291E9AED000AD2D5 /* Contactos.swift in Sources */,
				FB500CFD291EA55E000AD2D5 /* Materias.swift in Sources */,
				FB818D38291AA736008D9D0B /* MenuController.swift in Sources */,
				FB500CFF291EA577000AD2D5 /* CeldaMateriasController.swift in Sources */,
				3D3500E4290AE80400E31F3B /* InicioController.swift in Sources */,
				FB818D34291AA207008D9D0B /* Menu.swift in Sources */,
				FB818D36291AA320008D9D0B /* CeldaMenuController.swift in Sources */,
				FB500CF6291E9B05000AD2D5 /* CeldaContactosController.swift in Sources */,
				FB500CF8291E9B24000AD2D5 /* ContactosController.swift in Sources */,
				3D3500E2290AE80300E31F3B /* AppDelegate.swift in Sources */,
			);
			runOnlyForDeploymentPostprocessing = 0;
		};
		3D3500EE290AE80E00E31F3B /* Sources */ = {
			isa = PBXSourcesBuildPhase;
			buildActionMask = 2147483647;
			files = (
				3D3500F7290AE80E00E31F3B /* P3PTests.swift in Sources */,
			);
			runOnlyForDeploymentPostprocessing = 0;
		};
		3D3500F9290AE80E00E31F3B /* Sources */ = {
			isa = PBXSourcesBuildPhase;
			buildActionMask = 2147483647;
			files = (
				3D350102290AE80E00E31F3B /* P3PUITests.swift in Sources */,
			);
			runOnlyForDeploymentPostprocessing = 0;
		};
/* End PBXSourcesBuildPhase section */

/* Begin PBXTargetDependency section */
		3D3500F4290AE80E00E31F3B /* PBXTargetDependency */ = {
			isa = PBXTargetDependency;
			target = 3D3500DD290AE80300E31F3B /* P3P */;
			targetProxy = 3D3500F3290AE80E00E31F3B /* PBXContainerItemProxy */;
		};
		3D3500FF290AE80E00E31F3B /* PBXTargetDependency */ = {
			isa = PBXTargetDependency;
			target = 3D3500DD290AE80300E31F3B /* P3P */;
			targetProxy = 3D3500FE290AE80E00E31F3B /* PBXContainerItemProxy */;
		};
/* End PBXTargetDependency section */

/* Begin PBXVariantGroup section */
		3D3500E5290AE80400E31F3B /* Main.storyboard */ = {
			isa = PBXVariantGroup;
			children = (
				3D3500E6290AE80400E31F3B /* Base */,
			);
			name = Main.storyboard;
			sourceTree = "<group>";
		};
		3D3500EA290AE80E00E31F3B /* LaunchScreen.storyboard */ = {
			isa = PBXVariantGroup;
			children = (
				3D3500EB290AE80E00E31F3B /* Base */,
			);
			name = LaunchScreen.storyboard;
			sourceTree = "<group>";
		};
/* End PBXVariantGroup section */

/* Begin XCBuildConfiguration section */
		3D350104290AE80E00E31F3B /* Debug */ = {
			isa = XCBuildConfiguration;
			buildSettings = {
				ALWAYS_SEARCH_USER_PATHS = NO;
				CLANG_ANALYZER_NONNULL = YES;
				CLANG_ANALYZER_NUMBER_OBJECT_CONVERSION = YES_AGGRESSIVE;
				CLANG_CXX_LANGUAGE_STANDARD = "gnu++14";
				CLANG_CXX_LIBRARY = "libc++";
				CLANG_ENABLE_MODULES = YES;
				CLANG_ENABLE_OBJC_ARC = YES;
				CLANG_ENABLE_OBJC_WEAK = YES;
				CLANG_WARN_BLOCK_CAPTURE_AUTORELEASING = YES;
				CLANG_WARN_BOOL_CONVERSION = YES;
				CLANG_WARN_COMMA = YES;
				CLANG_WARN_CONSTANT_CONVERSION = YES;
				CLANG_WARN_DEPRECATED_OBJC_IMPLEMENTATIONS = YES;
				CLANG_WARN_DIRECT_OBJC_ISA_USAGE = YES_ERROR;
				CLANG_WARN_DOCUMENTATION_COMMENTS = YES;
				CLANG_WARN_EMPTY_BODY = YES;
				CLANG_WARN_ENUM_CONVERSION = YES;
				CLANG_WARN_INFINITE_RECURSION = YES;
				CLANG_WARN_INT_CONVERSION = YES;
				CLANG_WARN_NON_LITERAL_NULL_CONVERSION = YES;
				CLANG_WARN_OBJC_IMPLICIT_RETAIN_SELF = YES;
				CLANG_WARN_OBJC_LITERAL_CONVERSION = YES;
				CLANG_WARN_OBJC_ROOT_CLASS = YES_ERROR;
				CLANG_WARN_RANGE_LOOP_ANALYSIS = YES;
				CLANG_WARN_STRICT_PROTOTYPES = YES;
				CLANG_WARN_SUSPICIOUS_MOVE = YES;
				CLANG_WARN_UNGUARDED_AVAILABILITY = YES_AGGRESSIVE;
				CLANG_WARN_UNREACHABLE_CODE = YES;
				CLANG_WARN__DUPLICATE_METHOD_MATCH = YES;
				CODE_SIGN_IDENTITY = "iPhone Developer";
				COPY_PHASE_STRIP = NO;
				DEBUG_INFORMATION_FORMAT = dwarf;
				ENABLE_STRICT_OBJC_MSGSEND = YES;
				ENABLE_TESTABILITY = YES;
				GCC_C_LANGUAGE_STANDARD = gnu11;
				GCC_DYNAMIC_NO_PIC = NO;
				GCC_NO_COMMON_BLOCKS = YES;
				GCC_OPTIMIZATION_LEVEL = 0;
				GCC_PREPROCESSOR_DEFINITIONS = (
					"DEBUG=1",
					"$(inherited)",
				);
				GCC_WARN_64_TO_32_BIT_CONVERSION = YES;
				GCC_WARN_ABOUT_RETURN_TYPE = YES_ERROR;
				GCC_WARN_UNDECLARED_SELECTOR = YES;
				GCC_WARN_UNINITIALIZED_AUTOS = YES_AGGRESSIVE;
				GCC_WARN_UNUSED_FUNCTION = YES;
				GCC_WARN_UNUSED_VARIABLE = YES;
				IPHONEOS_DEPLOYMENT_TARGET = 11.4;
				MTL_ENABLE_DEBUG_INFO = YES;
				ONLY_ACTIVE_ARCH = YES;
				SDKROOT = iphoneos;
				SWIFT_ACTIVE_COMPILATION_CONDITIONS = DEBUG;
				SWIFT_OPTIMIZATION_LEVEL = "-Onone";
			};
			name = Debug;
		};
		3D350105290AE80E00E31F3B /* Release */ = {
			isa = XCBuildConfiguration;
			buildSettings = {
				ALWAYS_SEARCH_USER_PATHS = NO;
				CLANG_ANALYZER_NONNULL = YES;
				CLANG_ANALYZER_NUMBER_OBJECT_CONVERSION = YES_AGGRESSIVE;
				CLANG_CXX_LANGUAGE_STANDARD = "gnu++14";
				CLANG_CXX_LIBRARY = "libc++";
				CLANG_ENABLE_MODULES = YES;
				CLANG_ENABLE_OBJC_ARC = YES;
				CLANG_ENABLE_OBJC_WEAK = YES;
				CLANG_WARN_BLOCK_CAPTURE_AUTORELEASING = YES;
				CLANG_WARN_BOOL_CONVERSION = YES;
				CLANG_WARN_COMMA = YES;
				CLANG_WARN_CONSTANT_CONVERSION = YES;
				CLANG_WARN_DEPRECATED_OBJC_IMPLEMENTATIONS = YES;
				CLANG_WARN_DIRECT_OBJC_ISA_USAGE = YES_ERROR;
				CLANG_WARN_DOCUMENTATION_COMMENTS = YES;
				CLANG_WARN_EMPTY_BODY = YES;
				CLANG_WARN_ENUM_CONVERSION = YES;
				CLANG_WARN_INFINITE_RECURSION = YES;
				CLANG_WARN_INT_CONVERSION = YES;
				CLANG_WARN_NON_LITERAL_NULL_CONVERSION = YES;
				CLANG_WARN_OBJC_IMPLICIT_RETAIN_SELF = YES;
				CLANG_WARN_OBJC_LITERAL_CONVERSION = YES;
				CLANG_WARN_OBJC_ROOT_CLASS = YES_ERROR;
				CLANG_WARN_RANGE_LOOP_ANALYSIS = YES;
				CLANG_WARN_STRICT_PROTOTYPES = YES;
				CLANG_WARN_SUSPICIOUS_MOVE = YES;
				CLANG_WARN_UNGUARDED_AVAILABILITY = YES_AGGRESSIVE;
				CLANG_WARN_UNREACHABLE_CODE = YES;
				CLANG_WARN__DUPLICATE_METHOD_MATCH = YES;
				CODE_SIGN_IDENTITY = "iPhone Developer";
				COPY_PHASE_STRIP = NO;
				DEBUG_INFORMATION_FORMAT = "dwarf-with-dsym";
				ENABLE_NS_ASSERTIONS = NO;
				ENABLE_STRICT_OBJC_MSGSEND = YES;
				GCC_C_LANGUAGE_STANDARD = gnu11;
				GCC_NO_COMMON_BLOCKS = YES;
				GCC_WARN_64_TO_32_BIT_CONVERSION = YES;
				GCC_WARN_ABOUT_RETURN_TYPE = YES_ERROR;
				GCC_WARN_UNDECLARED_SELECTOR = YES;
				GCC_WARN_UNINITIALIZED_AUTOS = YES_AGGRESSIVE;
				GCC_WARN_UNUSED_FUNCTION = YES;
				GCC_WARN_UNUSED_VARIABLE = YES;
				IPHONEOS_DEPLOYMENT_TARGET = 11.4;
				MTL_ENABLE_DEBUG_INFO = NO;
				SDKROOT = iphoneos;
				SWIFT_COMPILATION_MODE = wholemodule;
				SWIFT_OPTIMIZATION_LEVEL = "-O";
				VALIDATE_PRODUCT = YES;
			};
			name = Release;
		};
		3D350107290AE80E00E31F3B /* Debug */ = {
			isa = XCBuildConfiguration;
			buildSettings = {
				ASSETCATALOG_COMPILER_APPICON_NAME = AppIcon;
				CODE_SIGN_STYLE = Automatic;
				INFOPLIST_FILE = P3P/Info.plist;
				LD_RUNPATH_SEARCH_PATHS = (
					"$(inherited)",
					"@executable_path/Frameworks",
				);
				PRODUCT_BUNDLE_IDENTIFIER = edu.ulsa.P3P;
				PRODUCT_NAME = "$(TARGET_NAME)";
				SWIFT_VERSION = 4.0;
				TARGETED_DEVICE_FAMILY = "1,2";
			};
			name = Debug;
		};
		3D350108290AE80E00E31F3B /* Release */ = {
			isa = XCBuildConfiguration;
			buildSettings = {
				ASSETCATALOG_COMPILER_APPICON_NAME = AppIcon;
				CODE_SIGN_STYLE = Automatic;
				INFOPLIST_FILE = P3P/Info.plist;
				LD_RUNPATH_SEARCH_PATHS = (
					"$(inherited)",
					"@executable_path/Frameworks",
				);
				PRODUCT_BUNDLE_IDENTIFIER = edu.ulsa.P3P;
				PRODUCT_NAME = "$(TARGET_NAME)";
				SWIFT_VERSION = 4.0;
				TARGETED_DEVICE_FAMILY = "1,2";
			};
			name = Release;
		};
		3D35010A290AE80E00E31F3B /* Debug */ = {
			isa = XCBuildConfiguration;
			buildSettings = {
				ALWAYS_EMBED_SWIFT_STANDARD_LIBRARIES = YES;
				BUNDLE_LOADER = "$(TEST_HOST)";
				CODE_SIGN_STYLE = Automatic;
				INFOPLIST_FILE = P3PTests/Info.plist;
				LD_RUNPATH_SEARCH_PATHS = (
					"$(inherited)",
					"@executable_path/Frameworks",
					"@loader_path/Frameworks",
				);
				PRODUCT_BUNDLE_IDENTIFIER = edu.ulsa.P3PTests;
				PRODUCT_NAME = "$(TARGET_NAME)";
				SWIFT_VERSION = 4.0;
				TARGETED_DEVICE_FAMILY = "1,2";
				TEST_HOST = "$(BUILT_PRODUCTS_DIR)/P3P.app/P3P";
			};
			name = Debug;
		};
		3D35010B290AE80E00E31F3B /* Release */ = {
			isa = XCBuildConfiguration;
			buildSettings = {
				ALWAYS_EMBED_SWIFT_STANDARD_LIBRARIES = YES;
				BUNDLE_LOADER = "$(TEST_HOST)";
				CODE_SIGN_STYLE = Automatic;
				INFOPLIST_FILE = P3PTests/Info.plist;
				LD_RUNPATH_SEARCH_PATHS = (
					"$(inherited)",
					"@executable_path/Frameworks",
					"@loader_path/Frameworks",
				);
				PRODUCT_BUNDLE_IDENTIFIER = edu.ulsa.P3PTests;
				PRODUCT_NAME = "$(TARGET_NAME)";
				SWIFT_VERSION = 4.0;
				TARGETED_DEVICE_FAMILY = "1,2";
				TEST_HOST = "$(BUILT_PRODUCTS_DIR)/P3P.app/P3P";
			};
			name = Release;
		};
		3D35010D290AE80E00E31F3B /* Debug */ = {
			isa = XCBuildConfiguration;
			buildSettings = {
				ALWAYS_EMBED_SWIFT_STANDARD_LIBRARIES = YES;
				CODE_SIGN_STYLE = Automatic;
				INFOPLIST_FILE = P3PUITests/Info.plist;
				LD_RUNPATH_SEARCH_PATHS = (
					"$(inherited)",
					"@executable_path/Frameworks",
					"@loader_path/Frameworks",
				);
				PRODUCT_BUNDLE_IDENTIFIER = edu.ulsa.P3PUITests;
				PRODUCT_NAME = "$(TARGET_NAME)";
				SWIFT_VERSION = 4.0;
				TARGETED_DEVICE_FAMILY = "1,2";
				TEST_TARGET_NAME = P3P;
			};
			name = Debug;
		};
		3D35010E290AE80E00E31F3B /* Release */ = {
			isa = XCBuildConfiguration;
			buildSettings = {
				ALWAYS_EMBED_SWIFT_STANDARD_LIBRARIES = YES;
				CODE_SIGN_STYLE = Automatic;
				INFOPLIST_FILE = P3PUITests/Info.plist;
				LD_RUNPATH_SEARCH_PATHS = (
					"$(inherited)",
					"@executable_path/Frameworks",
					"@loader_path/Frameworks",
				);
				PRODUCT_BUNDLE_IDENTIFIER = edu.ulsa.P3PUITests;
				PRODUCT_NAME = "$(TARGET_NAME)";
				SWIFT_VERSION = 4.0;
				TARGETED_DEVICE_FAMILY = "1,2";
				TEST_TARGET_NAME = P3P;
			};
			name = Release;
		};
/* End XCBuildConfiguration section */

/* Begin XCConfigurationList section */
		3D3500D9290AE80300E31F3B /* Build configuration list for PBXProject "P3P" */ = {
			isa = XCConfigurationList;
			buildConfigurations = (
				3D350104290AE80E00E31F3B /* Debug */,
				3D350105290AE80E00E31F3B /* Release */,
			);
			defaultConfigurationIsVisible = 0;
			defaultConfigurationName = Release;
		};
		3D350106290AE80E00E31F3B /* Build configuration list for PBXNativeTarget "P3P" */ = {
			isa = XCConfigurationList;
			buildConfigurations = (
				3D350107290AE80E00E31F3B /* Debug */,
				3D350108290AE80E00E31F3B /* Release */,
			);
			defaultConfigurationIsVisible = 0;
			defaultConfigurationName = Release;
		};
		3D350109290AE80E00E31F3B /* Build configuration list for PBXNativeTarget "P3PTests" */ = {
			isa = XCConfigurationList;
			buildConfigurations = (
				3D35010A290AE80E00E31F3B /* Debug */,
				3D35010B290AE80E00E31F3B /* Release */,
			);
			defaultConfigurationIsVisible = 0;
			defaultConfigurationName = Release;
		};
		3D35010C290AE80E00E31F3B /* Build configuration list for PBXNativeTarget "P3PUITests" */ = {
			isa = XCConfigurationList;
			buildConfigurations = (
				3D35010D290AE80E00E31F3B /* Debug */,
				3D35010E290AE80E00E31F3B /* Release */,
			);
			defaultConfigurationIsVisible = 0;
			defaultConfigurationName = Release;
		};
/* End XCConfigurationList section */
	};
	rootObject = 3D3500D6290AE80300E31F3B /* Project object */;
}
